github.com/go-piv/piv-go v1.9.0 h1:P6j2gjfP7zO7T3nCk/jwCgsvFRwB8shEqAJ4q85jgXc=
github.com/go-piv/piv-go v1.9.0/go.mod h1:NZ2zmjVkfFaL/CF8cVQ/pXdXtuj110zEKGdJM6fJZZM=
github.com/go-piv/piv-go v1.11.0 h1:5vAaCdRTFSIW4PeqMbnsDlUZ7odMYWnHBDGdmtU/Zhg=
github.com/go-piv/piv-go v1.11.0/go.mod h1:NZ2zmjVkfFaL/CF8cVQ/pXdXtuj110zEKGdJM6fJZZM=
github.com/golang-jwt/jwt v3.2.2+incompatible h1:IfV12K8xAKAnZqdXVzCZ+TOjboZ2keLg81eXfW3O+oY=
github.com/golang-jwt/jwt v3.2.2+incompatible/go.mod h1:8pz2t5EyA70fFQQSrl6XZXzqecmYZeUEB8OUGHkxJ+I=
github.com/golang-jwt/jwt/v5 v5.2.1 h1:OuVbFODueb089Lh128TAcimifWaLhJwVflnrgM17wHk=
github.com/golang-jwt/jwt/v5 v5.2.1/go.mod h1:pqrtFR0X4osieyHYxtmOUWsAWrfe1Q5UVIyoH402zdk=
